// !$*UTF8*$!
{
	archiveVersion = 1;
	classes = {
	};
	objectVersion = 56;
	objects = {

/* Begin PBXBuildFile section */
		5A276FE929D5E06D009E1B34 /* AppDelegate.swift in Sources */ = {isa = PBXBuildFile; fileRef = 5A276FE829D5E06D009E1B34 /* AppDelegate.swift */; };
		5A276FEB29D5E06D009E1B34 /* SceneDelegate.swift in Sources */ = {isa = PBXBuildFile; fileRef = 5A276FEA29D5E06D009E1B34 /* SceneDelegate.swift */; };
		5A276FED29D5E06D009E1B34 /* ViewController.swift in Sources */ = {isa = PBXBuildFile; fileRef = 5A276FEC29D5E06D009E1B34 /* ViewController.swift */; };
		5A276FF029D5E06D009E1B34 /* Main.storyboard in Resources */ = {isa = PBXBuildFile; fileRef = 5A276FEE29D5E06D009E1B34 /* Main.storyboard */; };
		5A276FF229D5E06E009E1B34 /* Assets.xcassets in Resources */ = {isa = PBXBuildFile; fileRef = 5A276FF129D5E06E009E1B34 /* Assets.xcassets */; };
		5A276FF529D5E06E009E1B34 /* LaunchScreen.storyboard in Resources */ = {isa = PBXBuildFile; fileRef = 5A276FF329D5E06E009E1B34 /* LaunchScreen.storyboard */; };
		5A276FFD29D5E092009E1B34 /* Fault.swift in Sources */ = {isa = PBXBuildFile; fileRef = 5A276FFC29D5E092009E1B34 /* Fault.swift */; };
		5A276FFF29D5E142009E1B34 /* MapViewController.swift in Sources */ = {isa = PBXBuildFile; fileRef = 5A276FFE29D5E142009E1B34 /* MapViewController.swift */; };
		5A27700229D5E196009E1B34 /* major_earthquakes.json in Resources */ = {isa = PBXBuildFile; fileRef = 5A27700029D5E196009E1B34 /* major_earthquakes.json */; };
		5A27700329D5E196009E1B34 /* tr_faults_imp.geojson in Resources */ = {isa = PBXBuildFile; fileRef = 5A27700129D5E196009E1B34 /* tr_faults_imp.geojson */; };
		5A27700529D5E38E009E1B34 /* FaultLineViewModel.swift in Sources */ = {isa = PBXBuildFile; fileRef = 5A27700429D5E38E009E1B34 /* FaultLineViewModel.swift */; };
		5AA3526B29DE21CB0076C274 /* EarthQuake.swift in Sources */ = {isa = PBXBuildFile; fileRef = 5AA3526A29DE21CB0076C274 /* EarthQuake.swift */; };
		5AA3526D29DE23750076C274 /* EarthquakeViewModel.swift in Sources */ = {isa = PBXBuildFile; fileRef = 5AA3526C29DE23750076C274 /* EarthquakeViewModel.swift */; };
		5AA3527029DE394E0076C274 /* EarthQuakeCell.swift in Sources */ = {isa = PBXBuildFile; fileRef = 5AA3526E29DE394E0076C274 /* EarthQuakeCell.swift */; };
		5AA3527129DE394E0076C274 /* EarthQuakeCell.xib in Resources */ = {isa = PBXBuildFile; fileRef = 5AA3526F29DE394E0076C274 /* EarthQuakeCell.xib */; };
		5AA3527329DE3FC50076C274 /* DetailViewController.swift in Sources */ = {isa = PBXBuildFile; fileRef = 5AA3527229DE3FC50076C274 /* DetailViewController.swift */; };
		5AB43D4B29DF7AA3003B6234 /* NotificationManager.swift in Sources */ = {isa = PBXBuildFile; fileRef = 5AB43D4A29DF7AA3003B6234 /* NotificationManager.swift */; };
/* End PBXBuildFile section */

/* Begin PBXFileReference section */
		5A276FE529D5E06D009E1B34 /* DepremselApp.app */ = {isa = PBXFileReference; explicitFileType = wrapper.application; includeInIndex = 0; path = DepremselApp.app; sourceTree = BUILT_PRODUCTS_DIR; };
		5A276FE829D5E06D009E1B34 /* AppDelegate.swift */ = {isa = PBXFileReference; lastKnownFileType = sourcecode.swift; path = AppDelegate.swift; sourceTree = "<group>"; };
		5A276FEA29D5E06D009E1B34 /* SceneDelegate.swift */ = {isa = PBXFileReference; lastKnownFileType = sourcecode.swift; path = SceneDelegate.swift; sourceTree = "<group>"; };
		5A276FEC29D5E06D009E1B34 /* ViewController.swift */ = {isa = PBXFileReference; lastKnownFileType = sourcecode.swift; path = ViewController.swift; sourceTree = "<group>"; };
		5A276FEF29D5E06D009E1B34 /* Base */ = {isa = PBXFileReference; lastKnownFileType = file.storyboard; name = Base; path = Base.lproj/Main.storyboard; sourceTree = "<group>"; };
		5A276FF129D5E06E009E1B34 /* Assets.xcassets */ = {isa = PBXFileReference; lastKnownFileType = folder.assetcatalog; path = Assets.xcassets; sourceTree = "<group>"; };
		5A276FF429D5E06E009E1B34 /* Base */ = {isa = PBXFileReference; lastKnownFileType = file.storyboard; name = Base; path = Base.lproj/LaunchScreen.storyboard; sourceTree = "<group>"; };
		5A276FF629D5E06E009E1B34 /* Info.plist */ = {isa = PBXFileReference; lastKnownFileType = text.plist.xml; path = Info.plist; sourceTree = "<group>"; };
		5A276FFC29D5E092009E1B34 /* Fault.swift */ = {isa = PBXFileReference; lastKnownFileType = sourcecode.swift; path = Fault.swift; sourceTree = "<group>"; };
		5A276FFE29D5E142009E1B34 /* MapViewController.swift */ = {isa = PBXFileReference; lastKnownFileType = sourcecode.swift; path = MapViewController.swift; sourceTree = "<group>"; };
		5A27700029D5E196009E1B34 /* major_earthquakes.json */ = {isa = PBXFileReference; fileEncoding = 4; lastKnownFileType = text.json; path = major_earthquakes.json; sourceTree = "<group>"; };
		5A27700129D5E196009E1B34 /* tr_faults_imp.geojson */ = {isa = PBXFileReference; fileEncoding = 4; lastKnownFileType = text; path = tr_faults_imp.geojson; sourceTree = "<group>"; };
		5A27700429D5E38E009E1B34 /* FaultLineViewModel.swift */ = {isa = PBXFileReference; lastKnownFileType = sourcecode.swift; path = FaultLineViewModel.swift; sourceTree = "<group>"; };
		5AA3526A29DE21CB0076C274 /* EarthQuake.swift */ = {isa = PBXFileReference; lastKnownFileType = sourcecode.swift; path = EarthQuake.swift; sourceTree = "<group>"; };
		5AA3526C29DE23750076C274 /* EarthquakeViewModel.swift */ = {isa = PBXFileReference; lastKnownFileType = sourcecode.swift; path = EarthquakeViewModel.swift; sourceTree = "<group>"; };
		5AA3526E29DE394E0076C274 /* EarthQuakeCell.swift */ = {isa = PBXFileReference; lastKnownFileType = sourcecode.swift; path = EarthQuakeCell.swift; sourceTree = "<group>"; };
		5AA3526F29DE394E0076C274 /* EarthQuakeCell.xib */ = {isa = PBXFileReference; lastKnownFileType = file.xib; path = EarthQuakeCell.xib; sourceTree = "<group>"; };
		5AA3527229DE3FC50076C274 /* DetailViewController.swift */ = {isa = PBXFileReference; lastKnownFileType = sourcecode.swift; path = DetailViewController.swift; sourceTree = "<group>"; };
		5AB43D4A29DF7AA3003B6234 /* NotificationManager.swift */ = {isa = PBXFileReference; lastKnownFileType = sourcecode.swift; path = NotificationManager.swift; sourceTree = "<group>"; };
/* End PBXFileReference section */

/* Begin PBXFrameworksBuildPhase section */
		5A276FE229D5E06D009E1B34 /* Frameworks */ = {
			isa = PBXFrameworksBuildPhase;
			buildActionMask = 2147483647;
			files = (
			);
			runOnlyForDeploymentPostprocessing = 0;
		};
/* End PBXFrameworksBuildPhase section */

/* Begin PBXGroup section */
		5A0F411129E1BACE00FA8DF6 /* View */ = {
			isa = PBXGroup;
			children = (
				5A276FFE29D5E142009E1B34 /* MapViewController.swift */,
				5A276FEC29D5E06D009E1B34 /* ViewController.swift */,
				5AA3527229DE3FC50076C274 /* DetailViewController.swift */,
				5AA3526E29DE394E0076C274 /* EarthQuakeCell.swift */,
				5AA3526F29DE394E0076C274 /* EarthQuakeCell.xib */,
			);
			path = View;
			sourceTree = "<group>";
		};
		5A0F411229E1BAD800FA8DF6 /* ViewModel */ = {
			isa = PBXGroup;
			children = (
				5A27700429D5E38E009E1B34 /* FaultLineViewModel.swift */,
				5AA3526C29DE23750076C274 /* EarthquakeViewModel.swift */,
			);
			name = ViewModel;
			sourceTree = "<group>";
		};
		5A0F411329E1BAE500FA8DF6 /* Notification */ = {
			isa = PBXGroup;
			children = (
				5AB43D4A29DF7AA3003B6234 /* NotificationManager.swift */,
			);
			path = Notification;
			sourceTree = "<group>";
		};
		5A276FDC29D5E06D009E1B34 = {
			isa = PBXGroup;
			children = (
				5A276FE729D5E06D009E1B34 /* DepremselApp */,
				5A276FE629D5E06D009E1B34 /* Products */,
			);
			sourceTree = "<group>";
		};
		5A276FE629D5E06D009E1B34 /* Products */ = {
			isa = PBXGroup;
			children = (
				5A276FE529D5E06D009E1B34 /* DepremselApp.app */,
			);
			name = Products;
			sourceTree = "<group>";
		};
		5A276FE729D5E06D009E1B34 /* DepremselApp */ = {
			isa = PBXGroup;
			children = (
				5A276FE829D5E06D009E1B34 /* AppDelegate.swift */,
				5A276FEA29D5E06D009E1B34 /* SceneDelegate.swift */,
				5AA3526929DE21B10076C274 /* Model */,
				5A0F411329E1BAE500FA8DF6 /* Notification */,
				5A0F411229E1BAD800FA8DF6 /* ViewModel */,
				5A0F411129E1BACE00FA8DF6 /* View */,
				5A276FEE29D5E06D009E1B34 /* Main.storyboard */,
				5A276FF129D5E06E009E1B34 /* Assets.xcassets */,
				5A276FF329D5E06E009E1B34 /* LaunchScreen.storyboard */,
				5A276FF629D5E06E009E1B34 /* Info.plist */,
				5A27700029D5E196009E1B34 /* major_earthquakes.json */,
				5A27700129D5E196009E1B34 /* tr_faults_imp.geojson */,
			);
			path = DepremselApp;
			sourceTree = "<group>";
		};
		5AA3526929DE21B10076C274 /* Model */ = {
			isa = PBXGroup;
			children = (
				5AA3526A29DE21CB0076C274 /* EarthQuake.swift */,
				5A276FFC29D5E092009E1B34 /* Fault.swift */,
			);
			name = Model;
			sourceTree = "<group>";
		};
/* End PBXGroup section */

/* Begin PBXNativeTarget section */
		5A276FE429D5E06D009E1B34 /* DepremselApp */ = {
			isa = PBXNativeTarget;
			buildConfigurationList = 5A276FF929D5E06E009E1B34 /* Build configuration list for PBXNativeTarget "DepremselApp" */;
			buildPhases = (
				5A276FE129D5E06D009E1B34 /* Sources */,
				5A276FE229D5E06D009E1B34 /* Frameworks */,
				5A276FE329D5E06D009E1B34 /* Resources */,
			);
			buildRules = (
			);
			dependencies = (
			);
			name = DepremselApp;
			productName = FayHat;
			productReference = 5A276FE529D5E06D009E1B34 /* DepremselApp.app */;
			productType = "com.apple.product-type.application";
		};
/* End PBXNativeTarget section */

/* Begin PBXProject section */
		5A276FDD29D5E06D009E1B34 /* Project object */ = {
			isa = PBXProject;
			attributes = {
				BuildIndependentTargetsInParallel = 1;
				LastSwiftUpdateCheck = 1420;
				LastUpgradeCheck = 1420;
				TargetAttributes = {
					5A276FE429D5E06D009E1B34 = {
						CreatedOnToolsVersion = 14.2;
					};
				};
			};
			buildConfigurationList = 5A276FE029D5E06D009E1B34 /* Build configuration list for PBXProject "DepremselApp" */;
			compatibilityVersion = "Xcode 14.0";
			developmentRegion = en;
			hasScannedForEncodings = 0;
			knownRegions = (
				en,
				Base,
			);
			mainGroup = 5A276FDC29D5E06D009E1B34;
			productRefGroup = 5A276FE629D5E06D009E1B34 /* Products */;
			projectDirPath = "";
			projectRoot = "";
			targets = (
				5A276FE429D5E06D009E1B34 /* DepremselApp */,
			);
		};
/* End PBXProject section */

/* Begin PBXResourcesBuildPhase section */
		5A276FE329D5E06D009E1B34 /* Resources */ = {
			isa = PBXResourcesBuildPhase;
			buildActionMask = 2147483647;
			files = (
				5AA3527129DE394E0076C274 /* EarthQuakeCell.xib in Resources */,
				5A27700229D5E196009E1B34 /* major_earthquakes.json in Resources */,
				5A276FF529D5E06E009E1B34 /* LaunchScreen.storyboard in Resources */,
				5A276FF229D5E06E009E1B34 /* Assets.xcassets in Resources */,
				5A276FF029D5E06D009E1B34 /* Main.storyboard in Resources */,
				5A27700329D5E196009E1B34 /* tr_faults_imp.geojson in Resources */,
			);
			runOnlyForDeploymentPostprocessing = 0;
		};
/* End PBXResourcesBuildPhase section */

/* Begin PBXSourcesBuildPhase section */
		5A276FE129D5E06D009E1B34 /* Sources */ = {
			isa = PBXSourcesBuildPhase;
			buildActionMask = 2147483647;
			files = (
				5A276FED29D5E06D009E1B34 /* ViewController.swift in Sources */,
				5A276FE929D5E06D009E1B34 /* AppDelegate.swift in Sources */,
				5AA3526B29DE21CB0076C274 /* EarthQuake.swift in Sources */,
				5AA3526D29DE23750076C274 /* EarthquakeViewModel.swift in Sources */,
				5AB43D4B29DF7AA3003B6234 /* NotificationManager.swift in Sources */,
				5AA3527029DE394E0076C274 /* EarthQuakeCell.swift in Sources */,
				5A276FFD29D5E092009E1B34 /* Fault.swift in Sources */,
				5A27700529D5E38E009E1B34 /* FaultLineViewModel.swift in Sources */,
				5AA3527329DE3FC50076C274 /* DetailViewController.swift in Sources */,
				5A276FFF29D5E142009E1B34 /* MapViewController.swift in Sources */,
				5A276FEB29D5E06D009E1B34 /* SceneDelegate.swift in Sources */,
			);
			runOnlyForDeploymentPostprocessing = 0;
		};
/* End PBXSourcesBuildPhase section */

/* Begin PBXVariantGroup section */
		5A276FEE29D5E06D009E1B34 /* Main.storyboard */ = {
			isa = PBXVariantGroup;
			children = (
				5A276FEF29D5E06D009E1B34 /* Base */,
			);
			name = Main.storyboard;
			sourceTree = "<group>";
		};
		5A276FF329D5E06E009E1B34 /* LaunchScreen.storyboard */ = {
			isa = PBXVariantGroup;
			children = (
				5A276FF429D5E06E009E1B34 /* Base */,
			);
			name = LaunchScreen.storyboard;
			sourceTree = "<group>";
		};
/* End PBXVariantGroup section */

/* Begin XCBuildConfiguration section */
		5A276FF729D5E06E009E1B34 /* Debug */ = {
			isa = XCBuildConfiguration;
			buildSettings = {
				ALWAYS_SEARCH_USER_PATHS = NO;
				CLANG_ANALYZER_NONNULL = YES;
				CLANG_ANALYZER_NUMBER_OBJECT_CONVERSION = YES_AGGRESSIVE;
				CLANG_CXX_LANGUAGE_STANDARD = "gnu++20";
				CLANG_ENABLE_MODULES = YES;
				CLANG_ENABLE_OBJC_ARC = YES;
				CLANG_ENABLE_OBJC_WEAK = YES;
				CLANG_WARN_BLOCK_CAPTURE_AUTORELEASING = YES;
				CLANG_WARN_BOOL_CONVERSION = YES;
				CLANG_WARN_COMMA = YES;
				CLANG_WARN_CONSTANT_CONVERSION = YES;
				CLANG_WARN_DEPRECATED_OBJC_IMPLEMENTATIONS = YES;
				CLANG_WARN_DIRECT_OBJC_ISA_USAGE = YES_ERROR;
				CLANG_WARN_DOCUMENTATION_COMMENTS = YES;
				CLANG_WARN_EMPTY_BODY = YES;
				CLANG_WARN_ENUM_CONVERSION = YES;
				CLANG_WARN_INFINITE_RECURSION = YES;
				CLANG_WARN_INT_CONVERSION = YES;
				CLANG_WARN_NON_LITERAL_NULL_CONVERSION = YES;
				CLANG_WARN_OBJC_IMPLICIT_RETAIN_SELF = YES;
				CLANG_WARN_OBJC_LITERAL_CONVERSION = YES;
				CLANG_WARN_OBJC_ROOT_CLASS = YES_ERROR;
				CLANG_WARN_QUOTED_INCLUDE_IN_FRAMEWORK_HEADER = YES;
				CLANG_WARN_RANGE_LOOP_ANALYSIS = YES;
				CLANG_WARN_STRICT_PROTOTYPES = YES;
				CLANG_WARN_SUSPICIOUS_MOVE = YES;
				CLANG_WARN_UNGUARDED_AVAILABILITY = YES_AGGRESSIVE;
				CLANG_WARN_UNREACHABLE_CODE = YES;
				CLANG_WARN__DUPLICATE_METHOD_MATCH = YES;
				COPY_PHASE_STRIP = NO;
				DEBUG_INFORMATION_FORMAT = dwarf;
				ENABLE_STRICT_OBJC_MSGSEND = YES;
				ENABLE_TESTABILITY = YES;
				GCC_C_LANGUAGE_STANDARD = gnu11;
				GCC_DYNAMIC_NO_PIC = NO;
				GCC_NO_COMMON_BLOCKS = YES;
				GCC_OPTIMIZATION_LEVEL = 0;
				GCC_PREPROCESSOR_DEFINITIONS = (
					"DEBUG=1",
					"$(inherited)",
				);
				GCC_WARN_64_TO_32_BIT_CONVERSION = YES;
				GCC_WARN_ABOUT_RETURN_TYPE = YES_ERROR;
				GCC_WARN_UNDECLARED_SELECTOR = YES;
				GCC_WARN_UNINITIALIZED_AUTOS = YES_AGGRESSIVE;
				GCC_WARN_UNUSED_FUNCTION = YES;
				GCC_WARN_UNUSED_VARIABLE = YES;
				IPHONEOS_DEPLOYMENT_TARGET = 16.2;
				MTL_ENABLE_DEBUG_INFO = INCLUDE_SOURCE;
				MTL_FAST_MATH = YES;
				ONLY_ACTIVE_ARCH = YES;
				SDKROOT = iphoneos;
				SWIFT_ACTIVE_COMPILATION_CONDITIONS = DEBUG;
				SWIFT_OPTIMIZATION_LEVEL = "-Onone";
			};
			name = Debug;
		};
		5A276FF829D5E06E009E1B34 /* Release */ = {
			isa = XCBuildConfiguration;
			buildSettings = {
				ALWAYS_SEARCH_USER_PATHS = NO;
				CLANG_ANALYZER_NONNULL = YES;
				CLANG_ANALYZER_NUMBER_OBJECT_CONVERSION = YES_AGGRESSIVE;
				CLANG_CXX_LANGUAGE_STANDARD = "gnu++20";
				CLANG_ENABLE_MODULES = YES;
				CLANG_ENABLE_OBJC_ARC = YES;
				CLANG_ENABLE_OBJC_WEAK = YES;
				CLANG_WARN_BLOCK_CAPTURE_AUTORELEASING = YES;
				CLANG_WARN_BOOL_CONVERSION = YES;
				CLANG_WARN_COMMA = YES;
				CLANG_WARN_CONSTANT_CONVERSION = YES;
				CLANG_WARN_DEPRECATED_OBJC_IMPLEMENTATIONS = YES;
				CLANG_WARN_DIRECT_OBJC_ISA_USAGE = YES_ERROR;
				CLANG_WARN_DOCUMENTATION_COMMENTS = YES;
				CLANG_WARN_EMPTY_BODY = YES;
				CLANG_WARN_ENUM_CONVERSION = YES;
				CLANG_WARN_INFINITE_RECURSION = YES;
				CLANG_WARN_INT_CONVERSION = YES;
				CLANG_WARN_NON_LITERAL_NULL_CONVERSION = YES;
				CLANG_WARN_OBJC_IMPLICIT_RETAIN_SELF = YES;
				CLANG_WARN_OBJC_LITERAL_CONVERSION = YES;
				CLANG_WARN_OBJC_ROOT_CLASS = YES_ERROR;
				CLANG_WARN_QUOTED_INCLUDE_IN_FRAMEWORK_HEADER = YES;
				CLANG_WARN_RANGE_LOOP_ANALYSIS = YES;
				CLANG_WARN_STRICT_PROTOTYPES = YES;
				CLANG_WARN_SUSPICIOUS_MOVE = YES;
				CLANG_WARN_UNGUARDED_AVAILABILITY = YES_AGGRESSIVE;
				CLANG_WARN_UNREACHABLE_CODE = YES;
				CLANG_WARN__DUPLICATE_METHOD_MATCH = YES;
				COPY_PHASE_STRIP = NO;
				DEBUG_INFORMATION_FORMAT = "dwarf-with-dsym";
				ENABLE_NS_ASSERTIONS = NO;
				ENABLE_STRICT_OBJC_MSGSEND = YES;
				GCC_C_LANGUAGE_STANDARD = gnu11;
				GCC_NO_COMMON_BLOCKS = YES;
				GCC_WARN_64_TO_32_BIT_CONVERSION = YES;
				GCC_WARN_ABOUT_RETURN_TYPE = YES_ERROR;
				GCC_WARN_UNDECLARED_SELECTOR = YES;
				GCC_WARN_UNINITIALIZED_AUTOS = YES_AGGRESSIVE;
				GCC_WARN_UNUSED_FUNCTION = YES;
				GCC_WARN_UNUSED_VARIABLE = YES;
				IPHONEOS_DEPLOYMENT_TARGET = 16.2;
				MTL_ENABLE_DEBUG_INFO = NO;
				MTL_FAST_MATH = YES;
				SDKROOT = iphoneos;
				SWIFT_COMPILATION_MODE = wholemodule;
				SWIFT_OPTIMIZATION_LEVEL = "-O";
				VALIDATE_PRODUCT = YES;
			};
			name = Release;
		};
		5A276FFA29D5E06E009E1B34 /* Debug */ = {
			isa = XCBuildConfiguration;
			buildSettings = {
				ASSETCATALOG_COMPILER_APPICON_NAME = AppIcon;
				ASSETCATALOG_COMPILER_GLOBAL_ACCENT_COLOR_NAME = AccentColor;
				CODE_SIGN_STYLE = Automatic;
				CURRENT_PROJECT_VERSION = 1;
				DEVELOPMENT_TEAM = U4DR27VA52;
				GENERATE_INFOPLIST_FILE = YES;
				INFOPLIST_FILE = DepremselApp/Info.plist;
				INFOPLIST_KEY_LSApplicationCategoryType = "public.app-category.news";
				INFOPLIST_KEY_UIApplicationSupportsIndirectInputEvents = YES;
				INFOPLIST_KEY_UILaunchStoryboardName = LaunchScreen;
				INFOPLIST_KEY_UIMainStoryboardFile = Main;
				INFOPLIST_KEY_UISupportedInterfaceOrientations = UIInterfaceOrientationPortrait;
				INFOPLIST_KEY_UISupportedInterfaceOrientations_iPad = "UIInterfaceOrientationLandscapeLeft UIInterfaceOrientationLandscapeRight UIInterfaceOrientationPortrait UIInterfaceOrientationPortraitUpsideDown";
				LD_RUNPATH_SEARCH_PATHS = (
					"$(inherited)",
					"@executable_path/Frameworks",
				);
				MARKETING_VERSION = 1.0;
				PRODUCT_BUNDLE_IDENTIFIER = inergy.DepremselApp;
				PRODUCT_NAME = "$(TARGET_NAME)";
				SWIFT_EMIT_LOC_STRINGS = YES;
				SWIFT_VERSION = 5.0;
				TARGETED_DEVICE_FAMILY = "1,2";
			};
			name = Debug;
		};
		5A276FFB29D5E06E009E1B34 /* Release */ = {
			isa = XCBuildConfiguration;
			buildSettings = {
				ASSETCATALOG_COMPILER_APPICON_NAME = AppIcon;
				ASSETCATALOG_COMPILER_GLOBAL_ACCENT_COLOR_NAME = AccentColor;
				CODE_SIGN_STYLE = Automatic;
				CURRENT_PROJECT_VERSION = 1;
				DEVELOPMENT_TEAM = U4DR27VA52;
				GENERATE_INFOPLIST_FILE = YES;
				INFOPLIST_FILE = DepremselApp/Info.plist;
				INFOPLIST_KEY_LSApplicationCategoryType = "public.app-category.news";
				INFOPLIST_KEY_UIApplicationSupportsIndirectInputEvents = YES;
				INFOPLIST_KEY_UILaunchStoryboardName = LaunchScreen;
				INFOPLIST_KEY_UIMainStoryboardFile = Main;
				INFOPLIST_KEY_UISupportedInterfaceOrientations = UIInterfaceOrientationPortrait;
				INFOPLIST_KEY_UISupportedInterfaceOrientations_iPad = "UIInterfaceOrientationLandscapeLeft UIInterfaceOrientationLandscapeRight UIInterfaceOrientationPortrait UIInterfaceOrientationPortraitUpsideDown";
				LD_RUNPATH_SEARCH_PATHS = (
					"$(inherited)",
					"@executable_path/Frameworks",
				);
				MARKETING_VERSION = 1.0;
				PRODUCT_BUNDLE_IDENTIFIER = inergy.DepremselApp;
				PRODUCT_NAME = "$(TARGET_NAME)";
				SWIFT_EMIT_LOC_STRINGS = YES;
				SWIFT_VERSION = 5.0;
				TARGETED_DEVICE_FAMILY = "1,2";
			};
			name = Release;
		};
/* End XCBuildConfiguration section */

/* Begin XCConfigurationList section */
		5A276FE029D5E06D009E1B34 /* Build configuration list for PBXProject "DepremselApp" */ = {
			isa = XCConfigurationList;
			buildConfigurations = (
				5A276FF729D5E06E009E1B34 /* Debug */,
				5A276FF829D5E06E009E1B34 /* Release */,
			);
			defaultConfigurationIsVisible = 0;
			defaultConfigurationName = Release;
		};
		5A276FF929D5E06E009E1B34 /* Build configuration list for PBXNativeTarget "DepremselApp" */ = {
			isa = XCConfigurationList;
			buildConfigurations = (
				5A276FFA29D5E06E009E1B34 /* Debug */,
				5A276FFB29D5E06E009E1B34 /* Release */,
			);
			defaultConfigurationIsVisible = 0;
			defaultConfigurationName = Release;
		};
/* End XCConfigurationList section */
	};
	rootObject = 5A276FDD29D5E06D009E1B34 /* Project object */;
}
